
Microsoft Visual Studio Solution File, Format Version 12.00
# Visual Studio Version 16
VisualStudioVersion = 16.0.31613.86
MinimumVisualStudioVersion = 10.0.40219.1
Project("{FAE04EC0-301F-11D3-BF4B-00C04F79EFBC}") = "Datos", "Datos\Datos.csproj", "{97035662-F7F0-4ED9-82F9-61916FDAC438}"
EndProject
Project("{FAE04EC0-301F-11D3-BF4B-00C04F79EFBC}") = "Dominio", "Dominio\Dominio.csproj", "{8B1B4FA7-0C97-4F0C-8D99-5E3B43D6C09C}"
EndProject
Project("{FAE04EC0-301F-11D3-BF4B-00C04F79EFBC}") = "Entidad", "Entidad\Entidad.csproj", "{13C81D40-09F3-4CAE-90B0-CEEC77E81FCE}"
EndProject
Project("{FAE04EC0-301F-11D3-BF4B-00C04F79EFBC}") = "Presentacion", "Presentacion\Presentacion.csproj", "{8CBBBB1E-7869-4686-97B9-D1BB06A3E473}"
EndProject
Global
	GlobalSection(SolutionConfigurationPlatforms) = preSolution
		Debug|Any CPU = Debug|Any CPU
		Release|Any CPU = Release|Any CPU
	EndGlobalSection
	GlobalSection(ProjectConfigurationPlatforms) = postSolution
		{97035662-F7F0-4ED9-82F9-61916FDAC438}.Debug|Any CPU.ActiveCfg = Debug|Any CPU
		{97035662-F7F0-4ED9-82F9-61916FDAC438}.Debug|Any CPU.Build.0 = Debug|Any CPU
		{97035662-F7F0-4ED9-82F9-61916FDAC438}.Release|Any CPU.ActiveCfg = Release|Any CPU
		{97035662-F7F0-4ED9-82F9-61916FDAC438}.Release|Any CPU.Build.0 = Release|Any CPU
		{8B1B4FA7-0C97-4F0C-8D99-5E3B43D6C09C}.Debug|Any CPU.ActiveCfg = Debug|Any CPU
		{8B1B4FA7-0C97-4F0C-8D99-5E3B43D6C09C}.Debug|Any CPU.Build.0 = Debug|Any CPU
		{8B1B4FA7-0C97-4F0C-8D99-5E3B43D6C09C}.Release|Any CPU.ActiveCfg = Release|Any CPU
		{8B1B4FA7-0C97-4F0C-8D99-5E3B43D6C09C}.Release|Any CPU.Build.0 = Release|Any CPU
		{13C81D40-09F3-4CAE-90B0-CEEC77E81FCE}.Debug|Any CPU.ActiveCfg = Debug|Any CPU
		{13C81D40-09F3-4CAE-90B0-CEEC77E81FCE}.Debug|Any CPU.Build.0 = Debug|Any CPU
		{13C81D40-09F3-4CAE-90B0-CEEC77E81FCE}.Release|Any CPU.ActiveCfg = Release|Any CPU
		{13C81D40-09F3-4CAE-90B0-CEEC77E81FCE}.Release|Any CPU.Build.0 = Release|Any CPU
		{8CBBBB1E-7869-4686-97B9-D1BB06A3E473}.Debug|Any CPU.ActiveCfg = Debug|Any CPU
		{8CBBBB1E-7869-4686-97B9-D1BB06A3E473}.Debug|Any CPU.Build.0 = Debug|Any CPU
		{8CBBBB1E-7869-4686-97B9-D1BB06A3E473}.Release|Any CPU.ActiveCfg = Release|Any CPU
		{8CBBBB1E-7869-4686-97B9-D1BB06A3E473}.Release|Any CPU.Build.0 = Release|Any CPU
	EndGlobalSection
	GlobalSection(SolutionProperties) = preSolution
		HideSolutionNode = FALSE
	EndGlobalSection
	GlobalSection(ExtensibilityGlobals) = postSolution
		SolutionGuid = {48362236-0078-47E4-A50E-79F65586A510}
	EndGlobalSection
EndGlobal
